// !$*UTF8*$!
{
	archiveVersion = 1;
	classes = {
	};
	objectVersion = 77;
	objects = {

/* Begin PBXBuildFile section */
		0945AF7EEDAEDA8A01A3228B /* PairingScannerSheet.swift in Sources */ = {isa = PBXBuildFile; fileRef = 1AAF300521CA05CD1150A284 /* PairingScannerSheet.swift */; };
		2B63E95E4D138AC419BF777E /* HarnessApp.swift in Sources */ = {isa = PBXBuildFile; fileRef = ACC5067BAD4697F45014F948 /* HarnessApp.swift */; };
		3A51A1A13DA1DD4E348C3CF4 /* HostProbe.swift in Sources */ = {isa = PBXBuildFile; fileRef = 9D145B5F1A374E370A82A1CE /* HostProbe.swift */; };
		4A43275316F742555E6C64F6 /* HarnessWebView.swift in Sources */ = {isa = PBXBuildFile; fileRef = DB42141E590B8C3A21A2EFFF /* HarnessWebView.swift */; };
		4EE7A824AE5532AB0440BFFA /* HostsSheet.swift in Sources */ = {isa = PBXBuildFile; fileRef = 7826A9FF687B540749B8887B /* HostsSheet.swift */; };
		590A2B04108256704F5EFD78 /* AppIcon.png in Resources */ = {isa = PBXBuildFile; fileRef = C8FE65A555ACB8C12E2DDC9B /* AppIcon.png */; };
		67D6F2621C19AC1F6364ABF4 /* RootView.swift in Sources */ = {isa = PBXBuildFile; fileRef = DDA14FDEBC83D15D5FB9718F /* RootView.swift */; };
		6C8725A4027808B915F202A2 /* PairingLink.swift in Sources */ = {isa = PBXBuildFile; fileRef = 1CA8072D0122B18CE24D5A35 /* PairingLink.swift */; };
		76C5F5B1E1001DB32FB428B4 /* HostStore.swift in Sources */ = {isa = PBXBuildFile; fileRef = DB3E7CBEF0FED933BD346331 /* HostStore.swift */; };
		7B8BD2F6C255EF72A338BC31 /* HarnessLiveUITests.swift in Sources */ = {isa = PBXBuildFile; fileRef = 3E72752D838C91698326F5ED /* HarnessLiveUITests.swift */; };
		7E258C6443EC2FB41C5872FB /* PairView.swift in Sources */ = {isa = PBXBuildFile; fileRef = 8B6687C3998C021B81CBB0E7 /* PairView.swift */; };
		CE065CCC112DF84103DA8E7A /* PairingTests.swift in Sources */ = {isa = PBXBuildFile; fileRef = 77267057D15598F1B40F001B /* PairingTests.swift */; };
		FC4BAF5772B38964C911CE88 /* Assets.xcassets in Resources */ = {isa = PBXBuildFile; fileRef = 06159D5DC49892AE5A5851B1 /* Assets.xcassets */; };
		FF658C0767E5678EB986839E /* HarnessHost.swift in Sources */ = {isa = PBXBuildFile; fileRef = 5EDE366B4AF036E25FA963F7 /* HarnessHost.swift */; };
/* End PBXBuildFile section */

/* Begin PBXContainerItemProxy section */
		0C32CD341DCF8D856B532BA7 /* PBXContainerItemProxy */ = {
			isa = PBXContainerItemProxy;
			containerPortal = 632666F4A8537121A1E942DC /* Project object */;
			proxyType = 1;
			remoteGlobalIDString = 9CAE8F41437D5C28E2B50B85;
			remoteInfo = Harness;
		};
		948C115E5EFB86F9DBA0E0F2 /* PBXContainerItemProxy */ = {
			isa = PBXContainerItemProxy;
			containerPortal = 632666F4A8537121A1E942DC /* Project object */;
			proxyType = 1;
			remoteGlobalIDString = 9CAE8F41437D5C28E2B50B85;
			remoteInfo = Harness;
		};
/* End PBXContainerItemProxy section */

/* Begin PBXFileReference section */
		06159D5DC49892AE5A5851B1 /* Assets.xcassets */ = {isa = PBXFileReference; lastKnownFileType = folder.assetcatalog; path = Assets.xcassets; sourceTree = "<group>"; };
		1AAF300521CA05CD1150A284 /* PairingScannerSheet.swift */ = {isa = PBXFileReference; lastKnownFileType = sourcecode.swift; path = PairingScannerSheet.swift; sourceTree = "<group>"; };
		1CA8072D0122B18CE24D5A35 /* PairingLink.swift */ = {isa = PBXFileReference; lastKnownFileType = sourcecode.swift; path = PairingLink.swift; sourceTree = "<group>"; };
		213A27C84940BF6546EB7FC0 /* Info.plist */ = {isa = PBXFileReference; lastKnownFileType = text.plist; path = Info.plist; sourceTree = "<group>"; };
		3E72752D838C91698326F5ED /* HarnessLiveUITests.swift */ = {isa = PBXFileReference; lastKnownFileType = sourcecode.swift; path = HarnessLiveUITests.swift; sourceTree = "<group>"; };
		5EDE366B4AF036E25FA963F7 /* HarnessHost.swift */ = {isa = PBXFileReference; lastKnownFileType = sourcecode.swift; path = HarnessHost.swift; sourceTree = "<group>"; };
		691E368E0067EC419B000AEB /* HarnessUITests.xctest */ = {isa = PBXFileReference; includeInIndex = 0; lastKnownFileType = wrapper.cfbundle; path = HarnessUITests.xctest; sourceTree = BUILT_PRODUCTS_DIR; };
		77267057D15598F1B40F001B /* PairingTests.swift */ = {isa = PBXFileReference; lastKnownFileType = sourcecode.swift; path = PairingTests.swift; sourceTree = "<group>"; };
		7826A9FF687B540749B8887B /* HostsSheet.swift */ = {isa = PBXFileReference; lastKnownFileType = sourcecode.swift; path = HostsSheet.swift; sourceTree = "<group>"; };
		8B6687C3998C021B81CBB0E7 /* PairView.swift */ = {isa = PBXFileReference; lastKnownFileType = sourcecode.swift; path = PairView.swift; sourceTree = "<group>"; };
		9898A7D32835A9381715ED9A /* HarnessTests.xctest */ = {isa = PBXFileReference; includeInIndex = 0; lastKnownFileType = wrapper.cfbundle; path = HarnessTests.xctest; sourceTree = BUILT_PRODUCTS_DIR; };
		9D145B5F1A374E370A82A1CE /* HostProbe.swift */ = {isa = PBXFileReference; lastKnownFileType = sourcecode.swift; path = HostProbe.swift; sourceTree = "<group>"; };
		ACC5067BAD4697F45014F948 /* HarnessApp.swift */ = {isa = PBXFileReference; lastKnownFileType = sourcecode.swift; path = HarnessApp.swift; sourceTree = "<group>"; };
		C8FE65A555ACB8C12E2DDC9B /* AppIcon.png */ = {isa = PBXFileReference; lastKnownFileType = image.png; path = AppIcon.png; sourceTree = "<group>"; };
		D3E473950CF7C898DE998767 /* Harness.app */ = {isa = PBXFileReference; includeInIndex = 0; lastKnownFileType = wrapper.application; path = Harness.app; sourceTree = BUILT_PRODUCTS_DIR; };
		DB3E7CBEF0FED933BD346331 /* HostStore.swift */ = {isa = PBXFileReference; lastKnownFileType = sourcecode.swift; path = HostStore.swift; sourceTree = "<group>"; };
		DB42141E590B8C3A21A2EFFF /* HarnessWebView.swift */ = {isa = PBXFileReference; lastKnownFileType = sourcecode.swift; path = HarnessWebView.swift; sourceTree = "<group>"; };
		DDA14FDEBC83D15D5FB9718F /* RootView.swift */ = {isa = PBXFileReference; lastKnownFileType = sourcecode.swift; path = RootView.swift; sourceTree = "<group>"; };
/* End PBXFileReference section */

/* Begin PBXGroup section */
		1C791D76B069327F190C5E9E /* App */ = {
			isa = PBXGroup;
			children = (
				D3A0651A66FE664B209E0630 /* Models */,
				3E608EF87AF1C7CA623290DC /* Services */,
				4BF1CA2A5DDD1141E40B533D /* Views */,
				ACC5067BAD4697F45014F948 /* HarnessApp.swift */,
				213A27C84940BF6546EB7FC0 /* Info.plist */,
			);
			path = App;
			sourceTree = "<group>";
		};
		3E608EF87AF1C7CA623290DC /* Services */ = {
			isa = PBXGroup;
			children = (
				9D145B5F1A374E370A82A1CE /* HostProbe.swift */,
				DB3E7CBEF0FED933BD346331 /* HostStore.swift */,
				1CA8072D0122B18CE24D5A35 /* PairingLink.swift */,
			);
			path = Services;
			sourceTree = "<group>";
		};
		3EBC434810C8912C3519C537 /* Resources */ = {
			isa = PBXGroup;
			children = (
				C8FE65A555ACB8C12E2DDC9B /* AppIcon.png */,
			);
			path = Resources;
			sourceTree = "<group>";
		};
		4BF1CA2A5DDD1141E40B533D /* Views */ = {
			isa = PBXGroup;
			children = (
				DB42141E590B8C3A21A2EFFF /* HarnessWebView.swift */,
				7826A9FF687B540749B8887B /* HostsSheet.swift */,
				1AAF300521CA05CD1150A284 /* PairingScannerSheet.swift */,
				8B6687C3998C021B81CBB0E7 /* PairView.swift */,
				DDA14FDEBC83D15D5FB9718F /* RootView.swift */,
			);
			path = Views;
			sourceTree = "<group>";
		};
		5803B41021B8D17483A66B13 /* Tests */ = {
			isa = PBXGroup;
			children = (
				77267057D15598F1B40F001B /* PairingTests.swift */,
			);
			path = Tests;
			sourceTree = "<group>";
		};
		5A46B0D24AB7DF64B93F488B = {
			isa = PBXGroup;
			children = (
				1C791D76B069327F190C5E9E /* App */,
				3EBC434810C8912C3519C537 /* Resources */,
				5803B41021B8D17483A66B13 /* Tests */,
				6CB77A9869E7E482F2979C6C /* UITests */,
				06159D5DC49892AE5A5851B1 /* Assets.xcassets */,
				8B9F84DC775F556DAE85C788 /* Products */,
			);
			sourceTree = "<group>";
		};
		6CB77A9869E7E482F2979C6C /* UITests */ = {
			isa = PBXGroup;
			children = (
				3E72752D838C91698326F5ED /* HarnessLiveUITests.swift */,
			);
			path = UITests;
			sourceTree = "<group>";
		};
		8B9F84DC775F556DAE85C788 /* Products */ = {
			isa = PBXGroup;
			children = (
				D3E473950CF7C898DE998767 /* Harness.app */,
				9898A7D32835A9381715ED9A /* HarnessTests.xctest */,
				691E368E0067EC419B000AEB /* HarnessUITests.xctest */,
			);
			name = Products;
			sourceTree = "<group>";
		};
		D3A0651A66FE664B209E0630 /* Models */ = {
			isa = PBXGroup;
			children = (
				5EDE366B4AF036E25FA963F7 /* HarnessHost.swift */,
			);
			path = Models;
			sourceTree = "<group>";
		};
/* End PBXGroup section */

/* Begin PBXNativeTarget section */
		9CAE8F41437D5C28E2B50B85 /* Harness */ = {
			isa = PBXNativeTarget;
			buildConfigurationList = C6F05FE989F73732C255F5CA /* Build configuration list for PBXNativeTarget "Harness" */;
			buildPhases = (
				093CFC9C0B64433157F91DE8 /* Sources */,
				8FEB3F608FCC41A1DC444FC3 /* Resources */,
			);
			buildRules = (
			);
			dependencies = (
			);
			name = Harness;
			packageProductDependencies = (
			);
			productName = Harness;
			productReference = D3E473950CF7C898DE998767 /* Harness.app */;
			productType = "com.apple.product-type.application";
		};
		D3F4CD28060BA8AF31CBC340 /* HarnessTests */ = {
			isa = PBXNativeTarget;
			buildConfigurationList = A150339E1BCB4CEBF06194A2 /* Build configuration list for PBXNativeTarget "HarnessTests" */;
			buildPhases = (
				4667EA076337386947A908EC /* Sources */,
			);
			buildRules = (
			);
			dependencies = (
				BD1CACAC25D6ECC87D6D5A8F /* PBXTargetDependency */,
			);
			name = HarnessTests;
			packageProductDependencies = (
			);
			productName = HarnessTests;
			productReference = 9898A7D32835A9381715ED9A /* HarnessTests.xctest */;
			productType = "com.apple.product-type.bundle.unit-test";
		};
		D533F13893EB6DD3E8D067C0 /* HarnessUITests */ = {
			isa = PBXNativeTarget;
			buildConfigurationList = D0C1AA257DF9612416CFB5E1 /* Build configuration list for PBXNativeTarget "HarnessUITests" */;
			buildPhases = (
				6A7A7CD73BB8E9DD5AF8FFD2 /* Sources */,
			);
			buildRules = (
			);
			dependencies = (
				331BF12F7179B937EA48EFA8 /* PBXTargetDependency */,
			);
			name = HarnessUITests;
			packageProductDependencies = (
			);
			productName = HarnessUITests;
			productReference = 691E368E0067EC419B000AEB /* HarnessUITests.xctest */;
			productType = "com.apple.product-type.bundle.ui-testing";
		};
/* End PBXNativeTarget section */

/* Begin PBXProject section */
		632666F4A8537121A1E942DC /* Project object */ = {
			isa = PBXProject;
			attributes = {
				BuildIndependentTargetsInParallel = YES;
				LastUpgradeCheck = 1430;
				TargetAttributes = {
					9CAE8F41437D5C28E2B50B85 = {
						DevelopmentTeam = CC8UTF7ATG;
						ProvisioningStyle = Automatic;
					};
					D3F4CD28060BA8AF31CBC340 = {
						DevelopmentTeam = CC8UTF7ATG;
						ProvisioningStyle = Automatic;
					};
					D533F13893EB6DD3E8D067C0 = {
						DevelopmentTeam = CC8UTF7ATG;
						ProvisioningStyle = Automatic;
						TestTargetID = 9CAE8F41437D5C28E2B50B85;
					};
				};
			};
			buildConfigurationList = EFDC44680DE6372609389CE8 /* Build configuration list for PBXProject "Harness" */;
			developmentRegion = en;
			hasScannedForEncodings = 0;
			knownRegions = (
				Base,
				en,
			);
			mainGroup = 5A46B0D24AB7DF64B93F488B;
			minimizedProjectReferenceProxies = 1;
			preferredProjectObjectVersion = 77;
			productRefGroup = 8B9F84DC775F556DAE85C788 /* Products */;
			projectDirPath = "";
			projectRoot = "";
			targets = (
				9CAE8F41437D5C28E2B50B85 /* Harness */,
				D3F4CD28060BA8AF31CBC340 /* HarnessTests */,
				D533F13893EB6DD3E8D067C0 /* HarnessUITests */,
			);
		};
/* End PBXProject section */

/* Begin PBXResourcesBuildPhase section */
		8FEB3F608FCC41A1DC444FC3 /* Resources */ = {
			isa = PBXResourcesBuildPhase;
			buildActionMask = 2147483647;
			files = (
				590A2B04108256704F5EFD78 /* AppIcon.png in Resources */,
				FC4BAF5772B38964C911CE88 /* Assets.xcassets in Resources */,
			);
			runOnlyForDeploymentPostprocessing = 0;
		};
/* End PBXResourcesBuildPhase section */

/* Begin PBXSourcesBuildPhase section */
		093CFC9C0B64433157F91DE8 /* Sources */ = {
			isa = PBXSourcesBuildPhase;
			buildActionMask = 2147483647;
			files = (
				2B63E95E4D138AC419BF777E /* HarnessApp.swift in Sources */,
				FF658C0767E5678EB986839E /* HarnessHost.swift in Sources */,
				4A43275316F742555E6C64F6 /* HarnessWebView.swift in Sources */,
				3A51A1A13DA1DD4E348C3CF4 /* HostProbe.swift in Sources */,
				76C5F5B1E1001DB32FB428B4 /* HostStore.swift in Sources */,
				4EE7A824AE5532AB0440BFFA /* HostsSheet.swift in Sources */,
				7E258C6443EC2FB41C5872FB /* PairView.swift in Sources */,
				6C8725A4027808B915F202A2 /* PairingLink.swift in Sources */,
				0945AF7EEDAEDA8A01A3228B /* PairingScannerSheet.swift in Sources */,
				67D6F2621C19AC1F6364ABF4 /* RootView.swift in Sources */,
			);
			runOnlyForDeploymentPostprocessing = 0;
		};
		4667EA076337386947A908EC /* Sources */ = {
			isa = PBXSourcesBuildPhase;
			buildActionMask = 2147483647;
			files = (
				CE065CCC112DF84103DA8E7A /* PairingTests.swift in Sources */,
			);
			runOnlyForDeploymentPostprocessing = 0;
		};
		6A7A7CD73BB8E9DD5AF8FFD2 /* Sources */ = {
			isa = PBXSourcesBuildPhase;
			buildActionMask = 2147483647;
			files = (
				7B8BD2F6C255EF72A338BC31 /* HarnessLiveUITests.swift in Sources */,
			);
			runOnlyForDeploymentPostprocessing = 0;
		};
/* End PBXSourcesBuildPhase section */

/* Begin PBXTargetDependency section */
		331BF12F7179B937EA48EFA8 /* PBXTargetDependency */ = {
			isa = PBXTargetDependency;
			target = 9CAE8F41437D5C28E2B50B85 /* Harness */;
			targetProxy = 948C115E5EFB86F9DBA0E0F2 /* PBXContainerItemProxy */;
		};
		BD1CACAC25D6ECC87D6D5A8F /* PBXTargetDependency */ = {
			isa = PBXTargetDependency;
			target = 9CAE8F41437D5C28E2B50B85 /* Harness */;
			targetProxy = 0C32CD341DCF8D856B532BA7 /* PBXContainerItemProxy */;
		};
/* End PBXTargetDependency section */

/* Begin XCBuildConfiguration section */
		26A7E8C4A6E878110EB346AB /* Debug */ = {
			isa = XCBuildConfiguration;
			buildSettings = {
				ALWAYS_SEARCH_USER_PATHS = NO;
				ASSETCATALOG_FILTER_FOR_THINNING = NO;
				CLANG_ANALYZER_NONNULL = YES;
				CLANG_ANALYZER_NUMBER_OBJECT_CONVERSION = YES_AGGRESSIVE;
				CLANG_CXX_LANGUAGE_STANDARD = "gnu++14";
				CLANG_CXX_LIBRARY = "libc++";
				CLANG_ENABLE_MODULES = YES;
				CLANG_ENABLE_OBJC_ARC = YES;
				CLANG_ENABLE_OBJC_WEAK = YES;
				CLANG_WARN_BLOCK_CAPTURE_AUTORELEASING = YES;
				CLANG_WARN_BOOL_CONVERSION = YES;
				CLANG_WARN_COMMA = YES;
				CLANG_WARN_CONSTANT_CONVERSION = YES;
				CLANG_WARN_DEPRECATED_OBJC_IMPLEMENTATIONS = YES;
				CLANG_WARN_DIRECT_OBJC_ISA_USAGE = YES_ERROR;
				CLANG_WARN_DOCUMENTATION_COMMENTS = YES;
				CLANG_WARN_EMPTY_BODY = YES;
				CLANG_WARN_ENUM_CONVERSION = YES;
				CLANG_WARN_INFINITE_RECURSION = YES;
				CLANG_WARN_INT_CONVERSION = YES;
				CLANG_WARN_NON_LITERAL_NULL_CONVERSION = YES;
				CLANG_WARN_OBJC_IMPLICIT_RETAIN_SELF = YES;
				CLANG_WARN_OBJC_LITERAL_CONVERSION = YES;
				CLANG_WARN_OBJC_ROOT_CLASS = YES_ERROR;
				CLANG_WARN_QUOTED_INCLUDE_IN_FRAMEWORK_HEADER = YES;
				CLANG_WARN_RANGE_LOOP_ANALYSIS = YES;
				CLANG_WARN_STRICT_PROTOTYPES = YES;
				CLANG_WARN_SUSPICIOUS_MOVE = YES;
				CLANG_WARN_UNGUARDED_AVAILABILITY = YES_AGGRESSIVE;
				CLANG_WARN_UNREACHABLE_CODE = YES;
				CLANG_WARN__DUPLICATE_METHOD_MATCH = YES;
				CODE_SIGN_STYLE = Automatic;
				COPY_PHASE_STRIP = NO;
				DEBUG_INFORMATION_FORMAT = dwarf;
				DEVELOPMENT_TEAM = CC8UTF7ATG;
				ENABLE_ASSET_THINNING = NO;
				ENABLE_STRICT_OBJC_MSGSEND = YES;
				ENABLE_TESTABILITY = YES;
				GCC_C_LANGUAGE_STANDARD = gnu11;
				GCC_DYNAMIC_NO_PIC = NO;
				GCC_NO_COMMON_BLOCKS = YES;
				GCC_OPTIMIZATION_LEVEL = 0;
				GCC_PREPROCESSOR_DEFINITIONS = (
					"$(inherited)",
					"DEBUG=1",
				);
				GCC_WARN_64_TO_32_BIT_CONVERSION = YES;
				GCC_WARN_ABOUT_RETURN_TYPE = YES_ERROR;
				GCC_WARN_UNDECLARED_SELECTOR = YES;
				GCC_WARN_UNINITIALIZED_AUTOS = YES_AGGRESSIVE;
				GCC_WARN_UNUSED_FUNCTION = YES;
				GCC_WARN_UNUSED_VARIABLE = YES;
				IPHONEOS_DEPLOYMENT_TARGET = 17.0;
				MTL_ENABLE_DEBUG_INFO = INCLUDE_SOURCE;
				MTL_FAST_MATH = YES;
				ONLY_ACTIVE_ARCH = YES;
				PRODUCT_NAME = "$(TARGET_NAME)";
				SDKROOT = iphoneos;
				SWIFT_ACTIVE_COMPILATION_CONDITIONS = DEBUG;
				SWIFT_OPTIMIZATION_LEVEL = "-Onone";
				SWIFT_VERSION = 5.9;
			};
			name = Debug;
		};
		3801847D37DBC7ABC9DE5931 /* Release */ = {
			isa = XCBuildConfiguration;
			buildSettings = {
				ASSETCATALOG_COMPILER_APPICON_NAME = AppIcon;
				ASSETCATALOG_COMPILER_GENERATE_ASSET_SYMBOLS = NO;
				ASSETCATALOG_COMPILER_GENERATE_SWIFT_ASSET_SYMBOL_EXTENSIONS = NO;
				CODE_SIGN_ENTITLEMENTS = Harness.entitlements;
				CODE_SIGN_IDENTITY = "iPhone Developer";
				CODE_SIGN_STYLE = Automatic;
				CURRENT_PROJECT_VERSION = 202609301500;
				DEVELOPMENT_TEAM = CC8UTF7ATG;
				ENABLE_ON_DEMAND_RESOURCES = NO;
				INFOPLIST_FILE = App/Info.plist;
				LD_RUNPATH_SEARCH_PATHS = (
					"$(inherited)",
					"@executable_path/Frameworks",
				);
				MARKETING_VERSION = 0.3.0;
				PRODUCT_BUNDLE_IDENTIFIER = com.simplewithus.harness.ios;
				PRODUCT_NAME = Harness;
				SDKROOT = iphoneos;
				SUPPORTS_MACCATALYST = NO;
				SWIFT_VERSION = 5.9;
				TARGETED_DEVICE_FAMILY = "1,2";
			};
			name = Release;
		};
		710D9584F235CD31C13ABB0B /* Debug */ = {
			isa = XCBuildConfiguration;
			buildSettings = {
				BUNDLE_LOADER = "$(TEST_HOST)";
				GENERATE_INFOPLIST_FILE = YES;
				LD_RUNPATH_SEARCH_PATHS = (
					"$(inherited)",
					"@executable_path/Frameworks",
					"@loader_path/Frameworks",
				);
				PRODUCT_BUNDLE_IDENTIFIER = com.simplewithus.harness.ios.tests;
				SDKROOT = iphoneos;
				SWIFT_VERSION = 5.9;
				TARGETED_DEVICE_FAMILY = "1,2";
				TEST_HOST = "$(BUILT_PRODUCTS_DIR)/Harness.app/$(BUNDLE_EXECUTABLE_FOLDER_PATH)/Harness";
			};
			name = Debug;
		};
		7738416D11E0E2BC18A32893 /* Release */ = {
			isa = XCBuildConfiguration;
			buildSettings = {
				BUNDLE_LOADER = "$(TEST_HOST)";
				GENERATE_INFOPLIST_FILE = YES;
				LD_RUNPATH_SEARCH_PATHS = (
					"$(inherited)",
					"@executable_path/Frameworks",
					"@loader_path/Frameworks",
				);
				PRODUCT_BUNDLE_IDENTIFIER = com.simplewithus.harness.ios.tests;
				SDKROOT = iphoneos;
				SWIFT_VERSION = 5.9;
				TARGETED_DEVICE_FAMILY = "1,2";
				TEST_HOST = "$(BUILT_PRODUCTS_DIR)/Harness.app/$(BUNDLE_EXECUTABLE_FOLDER_PATH)/Harness";
			};
			name = Release;
		};
		94B92EF382ECB9158B705277 /* Release */ = {
			isa = XCBuildConfiguration;
			buildSettings = {
				ALWAYS_SEARCH_USER_PATHS = NO;
				ASSETCATALOG_FILTER_FOR_THINNING = NO;
				CLANG_ANALYZER_NONNULL = YES;
				CLANG_ANALYZER_NUMBER_OBJECT_CONVERSION = YES_AGGRESSIVE;
				CLANG_CXX_LANGUAGE_STANDARD = "gnu++14";
				CLANG_CXX_LIBRARY = "libc++";
				CLANG_ENABLE_MODULES = YES;
				CLANG_ENABLE_OBJC_ARC = YES;
				CLANG_ENABLE_OBJC_WEAK = YES;
				CLANG_WARN_BLOCK_CAPTURE_AUTORELEASING = YES;
				CLANG_WARN_BOOL_CONVERSION = YES;
				CLANG_WARN_COMMA = YES;
				CLANG_WARN_CONSTANT_CONVERSION = YES;
				CLANG_WARN_DEPRECATED_OBJC_IMPLEMENTATIONS = YES;
				CLANG_WARN_DIRECT_OBJC_ISA_USAGE = YES_ERROR;
				CLANG_WARN_DOCUMENTATION_COMMENTS = YES;
				CLANG_WARN_EMPTY_BODY = YES;
				CLANG_WARN_ENUM_CONVERSION = YES;
				CLANG_WARN_INFINITE_RECURSION = YES;
				CLANG_WARN_INT_CONVERSION = YES;
				CLANG_WARN_NON_LITERAL_NULL_CONVERSION = YES;
				CLANG_WARN_OBJC_IMPLICIT_RETAIN_SELF = YES;
				CLANG_WARN_OBJC_LITERAL_CONVERSION = YES;
				CLANG_WARN_OBJC_ROOT_CLASS = YES_ERROR;
				CLANG_WARN_QUOTED_INCLUDE_IN_FRAMEWORK_HEADER = YES;
				CLANG_WARN_RANGE_LOOP_ANALYSIS = YES;
				CLANG_WARN_STRICT_PROTOTYPES = YES;
				CLANG_WARN_SUSPICIOUS_MOVE = YES;
				CLANG_WARN_UNGUARDED_AVAILABILITY = YES_AGGRESSIVE;
				CLANG_WARN_UNREACHABLE_CODE = YES;
				CLANG_WARN__DUPLICATE_METHOD_MATCH = YES;
				CODE_SIGN_STYLE = Automatic;
				COPY_PHASE_STRIP = NO;
				DEBUG_INFORMATION_FORMAT = "dwarf-with-dsym";
				DEVELOPMENT_TEAM = CC8UTF7ATG;
				ENABLE_ASSET_THINNING = NO;
				ENABLE_NS_ASSERTIONS = NO;
				ENABLE_STRICT_OBJC_MSGSEND = YES;
				GCC_C_LANGUAGE_STANDARD = gnu11;
				GCC_NO_COMMON_BLOCKS = YES;
				GCC_WARN_64_TO_32_BIT_CONVERSION = YES;
				GCC_WARN_ABOUT_RETURN_TYPE = YES_ERROR;
				GCC_WARN_UNDECLARED_SELECTOR = YES;
				GCC_WARN_UNINITIALIZED_AUTOS = YES_AGGRESSIVE;
				GCC_WARN_UNUSED_FUNCTION = YES;
				GCC_WARN_UNUSED_VARIABLE = YES;
				IPHONEOS_DEPLOYMENT_TARGET = 17.0;
				MTL_ENABLE_DEBUG_INFO = NO;
				MTL_FAST_MATH = YES;
				PRODUCT_NAME = "$(TARGET_NAME)";
				SDKROOT = iphoneos;
				SWIFT_COMPILATION_MODE = wholemodule;
				SWIFT_OPTIMIZATION_LEVEL = "-O";
				SWIFT_VERSION = 5.9;
			};
			name = Release;
		};
		A694A26AFD9C264E01D3F604 /* Debug */ = {
			isa = XCBuildConfiguration;
			buildSettings = {
				ASSETCATALOG_COMPILER_APPICON_NAME = AppIcon;
				ASSETCATALOG_COMPILER_GENERATE_ASSET_SYMBOLS = NO;
				ASSETCATALOG_COMPILER_GENERATE_SWIFT_ASSET_SYMBOL_EXTENSIONS = NO;
				CODE_SIGN_ENTITLEMENTS = Harness.entitlements;
				CODE_SIGN_IDENTITY = "iPhone Developer";
				CODE_SIGN_STYLE = Automatic;
				CURRENT_PROJECT_VERSION = 202609301500;
				DEVELOPMENT_TEAM = CC8UTF7ATG;
				ENABLE_ON_DEMAND_RESOURCES = NO;
				INFOPLIST_FILE = App/Info.plist;
				LD_RUNPATH_SEARCH_PATHS = (
					"$(inherited)",
					"@executable_path/Frameworks",
				);
				MARKETING_VERSION = 0.3.0;
				PRODUCT_BUNDLE_IDENTIFIER = com.simplewithus.harness.ios;
				PRODUCT_NAME = Harness;
				SDKROOT = iphoneos;
				SUPPORTS_MACCATALYST = NO;
				SWIFT_VERSION = 5.9;
				TARGETED_DEVICE_FAMILY = "1,2";
			};
			name = Debug;
		};
		D61AC64F8DF576E41220F91E /* Debug */ = {
			isa = XCBuildConfiguration;
			buildSettings = {
				BUNDLE_LOADER = "$(TEST_HOST)";
				GENERATE_INFOPLIST_FILE = YES;
				LD_RUNPATH_SEARCH_PATHS = (
					"$(inherited)",
					"@executable_path/Frameworks",
					"@loader_path/Frameworks",
				);
				PRODUCT_BUNDLE_IDENTIFIER = com.simplewithus.harness.ios.uitests;
				SDKROOT = iphoneos;
				SWIFT_VERSION = 5.9;
				TARGETED_DEVICE_FAMILY = "1,2";
				TEST_TARGET_NAME = Harness;
			};
			name = Debug;
		};
		DBC56EE94B850C2F5B7B90AB /* Release */ = {
			isa = XCBuildConfiguration;
			buildSettings = {
				BUNDLE_LOADER = "$(TEST_HOST)";
				GENERATE_INFOPLIST_FILE = YES;
				LD_RUNPATH_SEARCH_PATHS = (
					"$(inherited)",
					"@executable_path/Frameworks",
					"@loader_path/Frameworks",
				);
				PRODUCT_BUNDLE_IDENTIFIER = com.simplewithus.harness.ios.uitests;
				SDKROOT = iphoneos;
				SWIFT_VERSION = 5.9;
				TARGETED_DEVICE_FAMILY = "1,2";
				TEST_TARGET_NAME = Harness;
			};
			name = Release;
		};
/* End XCBuildConfiguration section */

/* Begin XCConfigurationList section */
		A150339E1BCB4CEBF06194A2 /* Build configuration list for PBXNativeTarget "HarnessTests" */ = {
			isa = XCConfigurationList;
			buildConfigurations = (
				710D9584F235CD31C13ABB0B /* Debug */,
				7738416D11E0E2BC18A32893 /* Release */,
			);
			defaultConfigurationIsVisible = 0;
			defaultConfigurationName = Debug;
		};
		C6F05FE989F73732C255F5CA /* Build configuration list for PBXNativeTarget "Harness" */ = {
			isa = XCConfigurationList;
			buildConfigurations = (
				A694A26AFD9C264E01D3F604 /* Debug */,
				3801847D37DBC7ABC9DE5931 /* Release */,
			);
			defaultConfigurationIsVisible = 0;
			defaultConfigurationName = Debug;
		};
		D0C1AA257DF9612416CFB5E1 /* Build configuration list for PBXNativeTarget "HarnessUITests" */ = {
			isa = XCConfigurationList;
			buildConfigurations = (
				D61AC64F8DF576E41220F91E /* Debug */,
				DBC56EE94B850C2F5B7B90AB /* Release */,
			);
			defaultConfigurationIsVisible = 0;
			defaultConfigurationName = Debug;
		};
		EFDC44680DE6372609389CE8 /* Build configuration list for PBXProject "Harness" */ = {
			isa = XCConfigurationList;
			buildConfigurations = (
				26A7E8C4A6E878110EB346AB /* Debug */,
				94B92EF382ECB9158B705277 /* Release */,
			);
			defaultConfigurationIsVisible = 0;
			defaultConfigurationName = Debug;
		};
/* End XCConfigurationList section */
	};
	rootObject = 632666F4A8537121A1E942DC /* Project object */;
}
