// !$*UTF8*$!
{
	archiveVersion = 1;
	classes = {
	};
	objectVersion = 77;
	objects = {

/* Begin PBXBuildFile section */
		04A0D726FF405B40B85B61F9 /* ComposioClient.swift in Sources */ = {isa = PBXBuildFile; fileRef = EB9B4369C99EC69D4DB7E72C /* ComposioClient.swift */; };
		06FE0753FD8A225E36EA5C97 /* Session.swift in Sources */ = {isa = PBXBuildFile; fileRef = B3CD02E1D287AA02F639F9DF /* Session.swift */; };
		1168C001F687F0F8830BE8E2 /* MainTabView.swift in Sources */ = {isa = PBXBuildFile; fileRef = 5D61C6F5945C12DD70358282 /* MainTabView.swift */; };
		16A18288505FF54E4C811362 /* ChatMessage.swift in Sources */ = {isa = PBXBuildFile; fileRef = 18139BF2D56CC435B5AB66B1 /* ChatMessage.swift */; };
		2B2F2DA5811A54FBC2DA36CF /* ModelProvider.swift in Sources */ = {isa = PBXBuildFile; fileRef = DA0C6EE87407D6331D8C4A25 /* ModelProvider.swift */; };
		2C638BCECFF2FB6F74D1CF61 /* CodeBlockView.swift in Sources */ = {isa = PBXBuildFile; fileRef = 6BEA73FAACCF9323D0E163A6 /* CodeBlockView.swift */; };
		3E69D9E0AB44B04F9C3A8CBC /* ReasoningBlockView.swift in Sources */ = {isa = PBXBuildFile; fileRef = 4EA0D5375A612036AE4C8D29 /* ReasoningBlockView.swift */; };
		56EF239BA80BF27F5D4BC717 /* ComposioView.swift in Sources */ = {isa = PBXBuildFile; fileRef = D0F6EE157E4394B04B06F7A6 /* ComposioView.swift */; };
		57B25EA9E69E50D71BE74243 /* HostManagerSheet.swift in Sources */ = {isa = PBXBuildFile; fileRef = 077CED3D5313EC62DEC62E74 /* HostManagerSheet.swift */; };
		60D42CEE4CC7EB1E47C35F4E /* HarnessAPIClient.swift in Sources */ = {isa = PBXBuildFile; fileRef = E53EC7190EB9061C807C77C0 /* HarnessAPIClient.swift */; };
		6112578426D8B15524BF468B /* HostConnection.swift in Sources */ = {isa = PBXBuildFile; fileRef = E5E3349DC91B344C9D3AD74D /* HostConnection.swift */; };
		63C78CB3A416E27BEDBA33FA /* WorkspacesView.swift in Sources */ = {isa = PBXBuildFile; fileRef = 671297D4C24E67BF8768440C /* WorkspacesView.swift */; };
		666F3508315E7EB3E4F15D4F /* SettingsView.swift in Sources */ = {isa = PBXBuildFile; fileRef = 29F5E9DAD7DE18E1C53CD00C /* SettingsView.swift */; };
		67A8C19EC564B5092A2D5578 /* ToolItem.swift in Sources */ = {isa = PBXBuildFile; fileRef = 6AA0271E867A4265B3CBF775 /* ToolItem.swift */; };
		69BE79928CD70183CAAA4097 /* HostConnectionManager.swift in Sources */ = {isa = PBXBuildFile; fileRef = 686A1B82201197E5DCFB5016 /* HostConnectionManager.swift */; };
		6C609C8ACCFCFED95264762F /* ToolsView.swift in Sources */ = {isa = PBXBuildFile; fileRef = A7F26A4BAB3D144F44B380CF /* ToolsView.swift */; };
		7BCCB20CFC276330F7F31AC8 /* FleetRAGView.swift in Sources */ = {isa = PBXBuildFile; fileRef = DBCF2CF36FC688DE21BA94D7 /* FleetRAGView.swift */; };
		8103CE965150AEEC4563725D /* ChatView.swift in Sources */ = {isa = PBXBuildFile; fileRef = 826BCF3B1A56B9A374512082 /* ChatView.swift */; };
		8AC88C50492526C8587A2391 /* FleetRAGModels.swift in Sources */ = {isa = PBXBuildFile; fileRef = 0A463FC21A91FF91FDE9AD6D /* FleetRAGModels.swift */; };
		954E8B799A6CBA8B89334C19 /* SessionsView.swift in Sources */ = {isa = PBXBuildFile; fileRef = 9A5373A132234DAFE2E16C81 /* SessionsView.swift */; };
		95EE34C553BC1399C1648BD3 /* FleetRAGClient.swift in Sources */ = {isa = PBXBuildFile; fileRef = 9CC1C415F17B21B312775ADD /* FleetRAGClient.swift */; };
		B0EC94C08290B31A0F49801D /* WorkspaceItem.swift in Sources */ = {isa = PBXBuildFile; fileRef = 8AA28E64DDFB9E4E33C5878E /* WorkspaceItem.swift */; };
		B90D762A694DC4D714D63419 /* ComposioModels.swift in Sources */ = {isa = PBXBuildFile; fileRef = 2380CEC43452245B322C4253 /* ComposioModels.swift */; };
		C1387B350D4362045EA37E78 /* WebParityView.swift in Sources */ = {isa = PBXBuildFile; fileRef = C31A21E8A14305CCF15CD16C /* WebParityView.swift */; };
		C75BD2A0342878E4BE782D5F /* ComposerView.swift in Sources */ = {isa = PBXBuildFile; fileRef = 5318F34DFC821AA04ACEC9B2 /* ComposerView.swift */; };
		D811564813E38DB4FE7AD9D5 /* AppIcon.png in Resources */ = {isa = PBXBuildFile; fileRef = 6FC55B251CD158C53DF63B64 /* AppIcon.png */; };
		E1C2B58A614B958D8799ECDA /* ProviderBadge.swift in Sources */ = {isa = PBXBuildFile; fileRef = 353108C616D6788557751186 /* ProviderBadge.swift */; };
		E7F1E7A7843242A86CF6B1C9 /* HarnessCompanionApp.swift in Sources */ = {isa = PBXBuildFile; fileRef = 568C69D0CD5F9391654EB185 /* HarnessCompanionApp.swift */; };
		E84AC8470AB0A4C7952E84F8 /* ToolCallCard.swift in Sources */ = {isa = PBXBuildFile; fileRef = A460B975A3AE650041911143 /* ToolCallCard.swift */; };
/* End PBXBuildFile section */

/* Begin PBXFileReference section */
		077CED3D5313EC62DEC62E74 /* HostManagerSheet.swift */ = {isa = PBXFileReference; lastKnownFileType = sourcecode.swift; path = HostManagerSheet.swift; sourceTree = "<group>"; };
		0A463FC21A91FF91FDE9AD6D /* FleetRAGModels.swift */ = {isa = PBXFileReference; lastKnownFileType = sourcecode.swift; path = FleetRAGModels.swift; sourceTree = "<group>"; };
		18139BF2D56CC435B5AB66B1 /* ChatMessage.swift */ = {isa = PBXFileReference; lastKnownFileType = sourcecode.swift; path = ChatMessage.swift; sourceTree = "<group>"; };
		2380CEC43452245B322C4253 /* ComposioModels.swift */ = {isa = PBXFileReference; lastKnownFileType = sourcecode.swift; path = ComposioModels.swift; sourceTree = "<group>"; };
		29F5E9DAD7DE18E1C53CD00C /* SettingsView.swift */ = {isa = PBXFileReference; lastKnownFileType = sourcecode.swift; path = SettingsView.swift; sourceTree = "<group>"; };
		353108C616D6788557751186 /* ProviderBadge.swift */ = {isa = PBXFileReference; lastKnownFileType = sourcecode.swift; path = ProviderBadge.swift; sourceTree = "<group>"; };
		453FE055D9B49C3630C1B418 /* HarnessCompanion.app */ = {isa = PBXFileReference; includeInIndex = 0; lastKnownFileType = wrapper.application; path = HarnessCompanion.app; sourceTree = BUILT_PRODUCTS_DIR; };
		4EA0D5375A612036AE4C8D29 /* ReasoningBlockView.swift */ = {isa = PBXFileReference; lastKnownFileType = sourcecode.swift; path = ReasoningBlockView.swift; sourceTree = "<group>"; };
		5318F34DFC821AA04ACEC9B2 /* ComposerView.swift */ = {isa = PBXFileReference; lastKnownFileType = sourcecode.swift; path = ComposerView.swift; sourceTree = "<group>"; };
		568C69D0CD5F9391654EB185 /* HarnessCompanionApp.swift */ = {isa = PBXFileReference; lastKnownFileType = sourcecode.swift; path = HarnessCompanionApp.swift; sourceTree = "<group>"; };
		5D61C6F5945C12DD70358282 /* MainTabView.swift */ = {isa = PBXFileReference; lastKnownFileType = sourcecode.swift; path = MainTabView.swift; sourceTree = "<group>"; };
		671297D4C24E67BF8768440C /* WorkspacesView.swift */ = {isa = PBXFileReference; lastKnownFileType = sourcecode.swift; path = WorkspacesView.swift; sourceTree = "<group>"; };
		686A1B82201197E5DCFB5016 /* HostConnectionManager.swift */ = {isa = PBXFileReference; lastKnownFileType = sourcecode.swift; path = HostConnectionManager.swift; sourceTree = "<group>"; };
		6AA0271E867A4265B3CBF775 /* ToolItem.swift */ = {isa = PBXFileReference; lastKnownFileType = sourcecode.swift; path = ToolItem.swift; sourceTree = "<group>"; };
		6BEA73FAACCF9323D0E163A6 /* CodeBlockView.swift */ = {isa = PBXFileReference; lastKnownFileType = sourcecode.swift; path = CodeBlockView.swift; sourceTree = "<group>"; };
		6FC55B251CD158C53DF63B64 /* AppIcon.png */ = {isa = PBXFileReference; lastKnownFileType = image.png; path = AppIcon.png; sourceTree = "<group>"; };
		826BCF3B1A56B9A374512082 /* ChatView.swift */ = {isa = PBXFileReference; lastKnownFileType = sourcecode.swift; path = ChatView.swift; sourceTree = "<group>"; };
		84C5F36B85B41F1990280AEE /* Info.plist */ = {isa = PBXFileReference; lastKnownFileType = text.plist; path = Info.plist; sourceTree = "<group>"; };
		8AA28E64DDFB9E4E33C5878E /* WorkspaceItem.swift */ = {isa = PBXFileReference; lastKnownFileType = sourcecode.swift; path = WorkspaceItem.swift; sourceTree = "<group>"; };
		9A5373A132234DAFE2E16C81 /* SessionsView.swift */ = {isa = PBXFileReference; lastKnownFileType = sourcecode.swift; path = SessionsView.swift; sourceTree = "<group>"; };
		9CC1C415F17B21B312775ADD /* FleetRAGClient.swift */ = {isa = PBXFileReference; lastKnownFileType = sourcecode.swift; path = FleetRAGClient.swift; sourceTree = "<group>"; };
		A460B975A3AE650041911143 /* ToolCallCard.swift */ = {isa = PBXFileReference; lastKnownFileType = sourcecode.swift; path = ToolCallCard.swift; sourceTree = "<group>"; };
		A7F26A4BAB3D144F44B380CF /* ToolsView.swift */ = {isa = PBXFileReference; lastKnownFileType = sourcecode.swift; path = ToolsView.swift; sourceTree = "<group>"; };
		B3CD02E1D287AA02F639F9DF /* Session.swift */ = {isa = PBXFileReference; lastKnownFileType = sourcecode.swift; path = Session.swift; sourceTree = "<group>"; };
		C31A21E8A14305CCF15CD16C /* WebParityView.swift */ = {isa = PBXFileReference; lastKnownFileType = sourcecode.swift; path = WebParityView.swift; sourceTree = "<group>"; };
		D0F6EE157E4394B04B06F7A6 /* ComposioView.swift */ = {isa = PBXFileReference; lastKnownFileType = sourcecode.swift; path = ComposioView.swift; sourceTree = "<group>"; };
		DA0C6EE87407D6331D8C4A25 /* ModelProvider.swift */ = {isa = PBXFileReference; lastKnownFileType = sourcecode.swift; path = ModelProvider.swift; sourceTree = "<group>"; };
		DBCF2CF36FC688DE21BA94D7 /* FleetRAGView.swift */ = {isa = PBXFileReference; lastKnownFileType = sourcecode.swift; path = FleetRAGView.swift; sourceTree = "<group>"; };
		E53EC7190EB9061C807C77C0 /* HarnessAPIClient.swift */ = {isa = PBXFileReference; lastKnownFileType = sourcecode.swift; path = HarnessAPIClient.swift; sourceTree = "<group>"; };
		E5E3349DC91B344C9D3AD74D /* HostConnection.swift */ = {isa = PBXFileReference; lastKnownFileType = sourcecode.swift; path = HostConnection.swift; sourceTree = "<group>"; };
		EB9B4369C99EC69D4DB7E72C /* ComposioClient.swift */ = {isa = PBXFileReference; lastKnownFileType = sourcecode.swift; path = ComposioClient.swift; sourceTree = "<group>"; };
/* End PBXFileReference section */

/* Begin PBXGroup section */
		0AAAD3C301E28D637B02F409 /* Products */ = {
			isa = PBXGroup;
			children = (
				453FE055D9B49C3630C1B418 /* HarnessCompanion.app */,
			);
			name = Products;
			sourceTree = "<group>";
		};
		312C14D95DDB74B55235F1D2 /* Views */ = {
			isa = PBXGroup;
			children = (
				D67F99000F3BF928448BFA9F /* Components */,
				826BCF3B1A56B9A374512082 /* ChatView.swift */,
				5318F34DFC821AA04ACEC9B2 /* ComposerView.swift */,
				D0F6EE157E4394B04B06F7A6 /* ComposioView.swift */,
				DBCF2CF36FC688DE21BA94D7 /* FleetRAGView.swift */,
				077CED3D5313EC62DEC62E74 /* HostManagerSheet.swift */,
				5D61C6F5945C12DD70358282 /* MainTabView.swift */,
				9A5373A132234DAFE2E16C81 /* SessionsView.swift */,
				29F5E9DAD7DE18E1C53CD00C /* SettingsView.swift */,
				A7F26A4BAB3D144F44B380CF /* ToolsView.swift */,
				C31A21E8A14305CCF15CD16C /* WebParityView.swift */,
				671297D4C24E67BF8768440C /* WorkspacesView.swift */,
			);
			path = Views;
			sourceTree = "<group>";
		};
		807F852D54EB4F5A3F29AA63 /* App */ = {
			isa = PBXGroup;
			children = (
				C10CCBD390B6EAEDAE366273 /* Models */,
				A3D463602528B2B31CCD460D /* Services */,
				312C14D95DDB74B55235F1D2 /* Views */,
				568C69D0CD5F9391654EB185 /* HarnessCompanionApp.swift */,
				84C5F36B85B41F1990280AEE /* Info.plist */,
			);
			path = App;
			sourceTree = "<group>";
		};
		94A614AF2536E8F65D875C5F /* Resources */ = {
			isa = PBXGroup;
			children = (
				6FC55B251CD158C53DF63B64 /* AppIcon.png */,
			);
			path = Resources;
			sourceTree = "<group>";
		};
		A3D463602528B2B31CCD460D /* Services */ = {
			isa = PBXGroup;
			children = (
				EB9B4369C99EC69D4DB7E72C /* ComposioClient.swift */,
				9CC1C415F17B21B312775ADD /* FleetRAGClient.swift */,
				E53EC7190EB9061C807C77C0 /* HarnessAPIClient.swift */,
				686A1B82201197E5DCFB5016 /* HostConnectionManager.swift */,
			);
			path = Services;
			sourceTree = "<group>";
		};
		BDD11458C527C3D08D24FD21 = {
			isa = PBXGroup;
			children = (
				807F852D54EB4F5A3F29AA63 /* App */,
				94A614AF2536E8F65D875C5F /* Resources */,
				0AAAD3C301E28D637B02F409 /* Products */,
			);
			sourceTree = "<group>";
		};
		C10CCBD390B6EAEDAE366273 /* Models */ = {
			isa = PBXGroup;
			children = (
				18139BF2D56CC435B5AB66B1 /* ChatMessage.swift */,
				2380CEC43452245B322C4253 /* ComposioModels.swift */,
				0A463FC21A91FF91FDE9AD6D /* FleetRAGModels.swift */,
				E5E3349DC91B344C9D3AD74D /* HostConnection.swift */,
				DA0C6EE87407D6331D8C4A25 /* ModelProvider.swift */,
				B3CD02E1D287AA02F639F9DF /* Session.swift */,
				6AA0271E867A4265B3CBF775 /* ToolItem.swift */,
				8AA28E64DDFB9E4E33C5878E /* WorkspaceItem.swift */,
			);
			path = Models;
			sourceTree = "<group>";
		};
		D67F99000F3BF928448BFA9F /* Components */ = {
			isa = PBXGroup;
			children = (
				6BEA73FAACCF9323D0E163A6 /* CodeBlockView.swift */,
				353108C616D6788557751186 /* ProviderBadge.swift */,
				4EA0D5375A612036AE4C8D29 /* ReasoningBlockView.swift */,
				A460B975A3AE650041911143 /* ToolCallCard.swift */,
			);
			path = Components;
			sourceTree = "<group>";
		};
/* End PBXGroup section */

/* Begin PBXNativeTarget section */
		BB904F8440FA7F9A4DE82611 /* HarnessCompanion */ = {
			isa = PBXNativeTarget;
			buildConfigurationList = A264A3E556EC12123A22204A /* Build configuration list for PBXNativeTarget "HarnessCompanion" */;
			buildPhases = (
				797629FAACF9210DCCCA3AF7 /* Sources */,
				A64283F670C9A156A299829E /* Resources */,
			);
			buildRules = (
			);
			dependencies = (
			);
			name = HarnessCompanion;
			packageProductDependencies = (
			);
			productName = HarnessCompanion;
			productReference = 453FE055D9B49C3630C1B418 /* HarnessCompanion.app */;
			productType = "com.apple.product-type.application";
		};
/* End PBXNativeTarget section */

/* Begin PBXProject section */
		C7B423E74DC20C74F404014B /* Project object */ = {
			isa = PBXProject;
			attributes = {
				BuildIndependentTargetsInParallel = YES;
				LastUpgradeCheck = 1430;
				TargetAttributes = {
					BB904F8440FA7F9A4DE82611 = {
						DevelopmentTeam = CC8UTF7ATG;
						ProvisioningStyle = Automatic;
					};
				};
			};
			buildConfigurationList = 92BC479317D8454D561E84D5 /* Build configuration list for PBXProject "HarnessCompanion" */;
			developmentRegion = en;
			hasScannedForEncodings = 0;
			knownRegions = (
				Base,
				en,
			);
			mainGroup = BDD11458C527C3D08D24FD21;
			minimizedProjectReferenceProxies = 1;
			preferredProjectObjectVersion = 77;
			productRefGroup = 0AAAD3C301E28D637B02F409 /* Products */;
			projectDirPath = "";
			projectRoot = "";
			targets = (
				BB904F8440FA7F9A4DE82611 /* HarnessCompanion */,
			);
		};
/* End PBXProject section */

/* Begin PBXResourcesBuildPhase section */
		A64283F670C9A156A299829E /* Resources */ = {
			isa = PBXResourcesBuildPhase;
			buildActionMask = 2147483647;
			files = (
				D811564813E38DB4FE7AD9D5 /* AppIcon.png in Resources */,
			);
			runOnlyForDeploymentPostprocessing = 0;
		};
/* End PBXResourcesBuildPhase section */

/* Begin PBXSourcesBuildPhase section */
		797629FAACF9210DCCCA3AF7 /* Sources */ = {
			isa = PBXSourcesBuildPhase;
			buildActionMask = 2147483647;
			files = (
				16A18288505FF54E4C811362 /* ChatMessage.swift in Sources */,
				8103CE965150AEEC4563725D /* ChatView.swift in Sources */,
				2C638BCECFF2FB6F74D1CF61 /* CodeBlockView.swift in Sources */,
				C75BD2A0342878E4BE782D5F /* ComposerView.swift in Sources */,
				04A0D726FF405B40B85B61F9 /* ComposioClient.swift in Sources */,
				B90D762A694DC4D714D63419 /* ComposioModels.swift in Sources */,
				56EF239BA80BF27F5D4BC717 /* ComposioView.swift in Sources */,
				95EE34C553BC1399C1648BD3 /* FleetRAGClient.swift in Sources */,
				8AC88C50492526C8587A2391 /* FleetRAGModels.swift in Sources */,
				7BCCB20CFC276330F7F31AC8 /* FleetRAGView.swift in Sources */,
				60D42CEE4CC7EB1E47C35F4E /* HarnessAPIClient.swift in Sources */,
				E7F1E7A7843242A86CF6B1C9 /* HarnessCompanionApp.swift in Sources */,
				6112578426D8B15524BF468B /* HostConnection.swift in Sources */,
				69BE79928CD70183CAAA4097 /* HostConnectionManager.swift in Sources */,
				57B25EA9E69E50D71BE74243 /* HostManagerSheet.swift in Sources */,
				1168C001F687F0F8830BE8E2 /* MainTabView.swift in Sources */,
				2B2F2DA5811A54FBC2DA36CF /* ModelProvider.swift in Sources */,
				E1C2B58A614B958D8799ECDA /* ProviderBadge.swift in Sources */,
				3E69D9E0AB44B04F9C3A8CBC /* ReasoningBlockView.swift in Sources */,
				06FE0753FD8A225E36EA5C97 /* Session.swift in Sources */,
				954E8B799A6CBA8B89334C19 /* SessionsView.swift in Sources */,
				666F3508315E7EB3E4F15D4F /* SettingsView.swift in Sources */,
				E84AC8470AB0A4C7952E84F8 /* ToolCallCard.swift in Sources */,
				67A8C19EC564B5092A2D5578 /* ToolItem.swift in Sources */,
				6C609C8ACCFCFED95264762F /* ToolsView.swift in Sources */,
				C1387B350D4362045EA37E78 /* WebParityView.swift in Sources */,
				B0EC94C08290B31A0F49801D /* WorkspaceItem.swift in Sources */,
				63C78CB3A416E27BEDBA33FA /* WorkspacesView.swift in Sources */,
			);
			runOnlyForDeploymentPostprocessing = 0;
		};
/* End PBXSourcesBuildPhase section */

/* Begin XCBuildConfiguration section */
		5FA65C22A365AE178FBF358D /* Debug */ = {
			isa = XCBuildConfiguration;
			buildSettings = {
				ASSETCATALOG_COMPILER_APPICON_NAME = AppIcon;
				CODE_SIGN_ENTITLEMENTS = HarnessCompanion.entitlements;
				CODE_SIGN_IDENTITY = "iPhone Developer";
				CODE_SIGN_STYLE = Automatic;
				CURRENT_PROJECT_VERSION = 202609280600;
				DEVELOPMENT_TEAM = CC8UTF7ATG;
				ENABLE_ON_DEMAND_RESOURCES = NO;
				INFOPLIST_FILE = App/Info.plist;
				LD_RUNPATH_SEARCH_PATHS = (
					"$(inherited)",
					"@executable_path/Frameworks",
				);
				MARKETING_VERSION = 0.1.0;
				PRODUCT_BUNDLE_IDENTIFIER = com.simplewithus.harness.ios;
				SDKROOT = iphoneos;
				SUPPORTS_MACCATALYST = NO;
				SWIFT_VERSION = 5.9;
				TARGETED_DEVICE_FAMILY = "1,2";
			};
			name = Debug;
		};
		7DAA0373D9E64D3B3D18ECB1 /* Debug */ = {
			isa = XCBuildConfiguration;
			buildSettings = {
				ALWAYS_SEARCH_USER_PATHS = NO;
				ASSETCATALOG_FILTER_FOR_THINNING = NO;
				CLANG_ANALYZER_NONNULL = YES;
				CLANG_ANALYZER_NUMBER_OBJECT_CONVERSION = YES_AGGRESSIVE;
				CLANG_CXX_LANGUAGE_STANDARD = "gnu++14";
				CLANG_CXX_LIBRARY = "libc++";
				CLANG_ENABLE_MODULES = YES;
				CLANG_ENABLE_OBJC_ARC = YES;
				CLANG_ENABLE_OBJC_WEAK = YES;
				CLANG_WARN_BLOCK_CAPTURE_AUTORELEASING = YES;
				CLANG_WARN_BOOL_CONVERSION = YES;
				CLANG_WARN_COMMA = YES;
				CLANG_WARN_CONSTANT_CONVERSION = YES;
				CLANG_WARN_DEPRECATED_OBJC_IMPLEMENTATIONS = YES;
				CLANG_WARN_DIRECT_OBJC_ISA_USAGE = YES_ERROR;
				CLANG_WARN_DOCUMENTATION_COMMENTS = YES;
				CLANG_WARN_EMPTY_BODY = YES;
				CLANG_WARN_ENUM_CONVERSION = YES;
				CLANG_WARN_INFINITE_RECURSION = YES;
				CLANG_WARN_INT_CONVERSION = YES;
				CLANG_WARN_NON_LITERAL_NULL_CONVERSION = YES;
				CLANG_WARN_OBJC_IMPLICIT_RETAIN_SELF = YES;
				CLANG_WARN_OBJC_LITERAL_CONVERSION = YES;
				CLANG_WARN_OBJC_ROOT_CLASS = YES_ERROR;
				CLANG_WARN_QUOTED_INCLUDE_IN_FRAMEWORK_HEADER = YES;
				CLANG_WARN_RANGE_LOOP_ANALYSIS = YES;
				CLANG_WARN_STRICT_PROTOTYPES = YES;
				CLANG_WARN_SUSPICIOUS_MOVE = YES;
				CLANG_WARN_UNGUARDED_AVAILABILITY = YES_AGGRESSIVE;
				CLANG_WARN_UNREACHABLE_CODE = YES;
				CLANG_WARN__DUPLICATE_METHOD_MATCH = YES;
				CODE_SIGN_STYLE = Automatic;
				COPY_PHASE_STRIP = NO;
				DEBUG_INFORMATION_FORMAT = dwarf;
				DEVELOPMENT_TEAM = CC8UTF7ATG;
				ENABLE_ASSET_THINNING = NO;
				ENABLE_STRICT_OBJC_MSGSEND = YES;
				ENABLE_TESTABILITY = YES;
				GCC_C_LANGUAGE_STANDARD = gnu11;
				GCC_DYNAMIC_NO_PIC = NO;
				GCC_NO_COMMON_BLOCKS = YES;
				GCC_OPTIMIZATION_LEVEL = 0;
				GCC_PREPROCESSOR_DEFINITIONS = (
					"$(inherited)",
					"DEBUG=1",
				);
				GCC_WARN_64_TO_32_BIT_CONVERSION = YES;
				GCC_WARN_ABOUT_RETURN_TYPE = YES_ERROR;
				GCC_WARN_UNDECLARED_SELECTOR = YES;
				GCC_WARN_UNINITIALIZED_AUTOS = YES_AGGRESSIVE;
				GCC_WARN_UNUSED_FUNCTION = YES;
				GCC_WARN_UNUSED_VARIABLE = YES;
				IPHONEOS_DEPLOYMENT_TARGET = 17.0;
				MTL_ENABLE_DEBUG_INFO = INCLUDE_SOURCE;
				MTL_FAST_MATH = YES;
				ONLY_ACTIVE_ARCH = YES;
				PRODUCT_NAME = "$(TARGET_NAME)";
				SDKROOT = iphoneos;
				SWIFT_ACTIVE_COMPILATION_CONDITIONS = DEBUG;
				SWIFT_OPTIMIZATION_LEVEL = "-Onone";
				SWIFT_VERSION = 5.9;
			};
			name = Debug;
		};
		8C7A008422EC9D8B1B40C0E4 /* Release */ = {
			isa = XCBuildConfiguration;
			buildSettings = {
				ALWAYS_SEARCH_USER_PATHS = NO;
				ASSETCATALOG_FILTER_FOR_THINNING = NO;
				CLANG_ANALYZER_NONNULL = YES;
				CLANG_ANALYZER_NUMBER_OBJECT_CONVERSION = YES_AGGRESSIVE;
				CLANG_CXX_LANGUAGE_STANDARD = "gnu++14";
				CLANG_CXX_LIBRARY = "libc++";
				CLANG_ENABLE_MODULES = YES;
				CLANG_ENABLE_OBJC_ARC = YES;
				CLANG_ENABLE_OBJC_WEAK = YES;
				CLANG_WARN_BLOCK_CAPTURE_AUTORELEASING = YES;
				CLANG_WARN_BOOL_CONVERSION = YES;
				CLANG_WARN_COMMA = YES;
				CLANG_WARN_CONSTANT_CONVERSION = YES;
				CLANG_WARN_DEPRECATED_OBJC_IMPLEMENTATIONS = YES;
				CLANG_WARN_DIRECT_OBJC_ISA_USAGE = YES_ERROR;
				CLANG_WARN_DOCUMENTATION_COMMENTS = YES;
				CLANG_WARN_EMPTY_BODY = YES;
				CLANG_WARN_ENUM_CONVERSION = YES;
				CLANG_WARN_INFINITE_RECURSION = YES;
				CLANG_WARN_INT_CONVERSION = YES;
				CLANG_WARN_NON_LITERAL_NULL_CONVERSION = YES;
				CLANG_WARN_OBJC_IMPLICIT_RETAIN_SELF = YES;
				CLANG_WARN_OBJC_LITERAL_CONVERSION = YES;
				CLANG_WARN_OBJC_ROOT_CLASS = YES_ERROR;
				CLANG_WARN_QUOTED_INCLUDE_IN_FRAMEWORK_HEADER = YES;
				CLANG_WARN_RANGE_LOOP_ANALYSIS = YES;
				CLANG_WARN_STRICT_PROTOTYPES = YES;
				CLANG_WARN_SUSPICIOUS_MOVE = YES;
				CLANG_WARN_UNGUARDED_AVAILABILITY = YES_AGGRESSIVE;
				CLANG_WARN_UNREACHABLE_CODE = YES;
				CLANG_WARN__DUPLICATE_METHOD_MATCH = YES;
				CODE_SIGN_STYLE = Automatic;
				COPY_PHASE_STRIP = NO;
				DEBUG_INFORMATION_FORMAT = "dwarf-with-dsym";
				DEVELOPMENT_TEAM = CC8UTF7ATG;
				ENABLE_ASSET_THINNING = NO;
				ENABLE_NS_ASSERTIONS = NO;
				ENABLE_STRICT_OBJC_MSGSEND = YES;
				GCC_C_LANGUAGE_STANDARD = gnu11;
				GCC_NO_COMMON_BLOCKS = YES;
				GCC_WARN_64_TO_32_BIT_CONVERSION = YES;
				GCC_WARN_ABOUT_RETURN_TYPE = YES_ERROR;
				GCC_WARN_UNDECLARED_SELECTOR = YES;
				GCC_WARN_UNINITIALIZED_AUTOS = YES_AGGRESSIVE;
				GCC_WARN_UNUSED_FUNCTION = YES;
				GCC_WARN_UNUSED_VARIABLE = YES;
				IPHONEOS_DEPLOYMENT_TARGET = 17.0;
				MTL_ENABLE_DEBUG_INFO = NO;
				MTL_FAST_MATH = YES;
				PRODUCT_NAME = "$(TARGET_NAME)";
				SDKROOT = iphoneos;
				SWIFT_COMPILATION_MODE = wholemodule;
				SWIFT_OPTIMIZATION_LEVEL = "-O";
				SWIFT_VERSION = 5.9;
			};
			name = Release;
		};
		C0DF4D3ADD29D8F7D00DBEA2 /* Release */ = {
			isa = XCBuildConfiguration;
			buildSettings = {
				ASSETCATALOG_COMPILER_APPICON_NAME = AppIcon;
				CODE_SIGN_ENTITLEMENTS = HarnessCompanion.entitlements;
				CODE_SIGN_IDENTITY = "iPhone Developer";
				CODE_SIGN_STYLE = Automatic;
				CURRENT_PROJECT_VERSION = 202609280600;
				DEVELOPMENT_TEAM = CC8UTF7ATG;
				ENABLE_ON_DEMAND_RESOURCES = NO;
				INFOPLIST_FILE = App/Info.plist;
				LD_RUNPATH_SEARCH_PATHS = (
					"$(inherited)",
					"@executable_path/Frameworks",
				);
				MARKETING_VERSION = 0.1.0;
				PRODUCT_BUNDLE_IDENTIFIER = com.simplewithus.harness.ios;
				SDKROOT = iphoneos;
				SUPPORTS_MACCATALYST = NO;
				SWIFT_VERSION = 5.9;
				TARGETED_DEVICE_FAMILY = "1,2";
			};
			name = Release;
		};
/* End XCBuildConfiguration section */

/* Begin XCConfigurationList section */
		92BC479317D8454D561E84D5 /* Build configuration list for PBXProject "HarnessCompanion" */ = {
			isa = XCConfigurationList;
			buildConfigurations = (
				7DAA0373D9E64D3B3D18ECB1 /* Debug */,
				8C7A008422EC9D8B1B40C0E4 /* Release */,
			);
			defaultConfigurationIsVisible = 0;
			defaultConfigurationName = Debug;
		};
		A264A3E556EC12123A22204A /* Build configuration list for PBXNativeTarget "HarnessCompanion" */ = {
			isa = XCConfigurationList;
			buildConfigurations = (
				5FA65C22A365AE178FBF358D /* Debug */,
				C0DF4D3ADD29D8F7D00DBEA2 /* Release */,
			);
			defaultConfigurationIsVisible = 0;
			defaultConfigurationName = Debug;
		};
/* End XCConfigurationList section */
	};
	rootObject = C7B423E74DC20C74F404014B /* Project object */;
}
